// !$*UTF8*$!
{
	archiveVersion = 1;
	classes = {
	};
	objectVersion = 50;
	objects = {

/* Begin PBXBuildFile section */
		A633D1ED26E38B2E009211F8 /* LocalAuthentication.framework in Frameworks */ = {isa = PBXBuildFile; fileRef = A633D1EC26E38B2E009211F8 /* LocalAuthentication.framework */; };
		A644EBF926E1FF05003DC9E5 /* AppDelegate.swift in Sources */ = {isa = PBXBuildFile; fileRef = A644EBF826E1FF05003DC9E5 /* AppDelegate.swift */; };
		A644EBFB26E1FF05003DC9E5 /* SceneDelegate.swift in Sources */ = {isa = PBXBuildFile; fileRef = A644EBFA26E1FF05003DC9E5 /* SceneDelegate.swift */; };
		A644EBFD26E1FF05003DC9E5 /* LoginViewController.swift in Sources */ = {isa = PBXBuildFile; fileRef = A644EBFC26E1FF05003DC9E5 /* LoginViewController.swift */; };
		A644EC0026E1FF05003DC9E5 /* Main.storyboard in Resources */ = {isa = PBXBuildFile; fileRef = A644EBFE26E1FF05003DC9E5 /* Main.storyboard */; };
		A644EC0226E1FF07003DC9E5 /* Assets.xcassets in Resources */ = {isa = PBXBuildFile; fileRef = A644EC0126E1FF07003DC9E5 /* Assets.xcassets */; };
		A644EC0526E1FF07003DC9E5 /* LaunchScreen.storyboard in Resources */ = {isa = PBXBuildFile; fileRef = A644EC0326E1FF07003DC9E5 /* LaunchScreen.storyboard */; };
		A6AD72BD26E237F600F53144 /* NewsTableViewCell.swift in Sources */ = {isa = PBXBuildFile; fileRef = A6AD72BC26E237F600F53144 /* NewsTableViewCell.swift */; };
		A6AD72BF26E2380B00F53144 /* NewsTableViewController.swift in Sources */ = {isa = PBXBuildFile; fileRef = A6AD72BE26E2380B00F53144 /* NewsTableViewController.swift */; };
/* End PBXBuildFile section */

/* Begin PBXFileReference section */
		A633D1EC26E38B2E009211F8 /* LocalAuthentication.framework */ = {isa = PBXFileReference; lastKnownFileType = wrapper.framework; name = LocalAuthentication.framework; path = System/Library/Frameworks/LocalAuthentication.framework; sourceTree = SDKROOT; };
		A644EBF526E1FF05003DC9E5 /* BlurredNews.app */ = {isa = PBXFileReference; explicitFileType = wrapper.application; includeInIndex = 0; path = BlurredNews.app; sourceTree = BUILT_PRODUCTS_DIR; };
		A644EBF826E1FF05003DC9E5 /* AppDelegate.swift */ = {isa = PBXFileReference; lastKnownFileType = sourcecode.swift; path = AppDelegate.swift; sourceTree = "<group>"; };
		A644EBFA26E1FF05003DC9E5 /* SceneDelegate.swift */ = {isa = PBXFileReference; lastKnownFileType = sourcecode.swift; path = SceneDelegate.swift; sourceTree = "<group>"; };
		A644EBFC26E1FF05003DC9E5 /* LoginViewController.swift */ = {isa = PBXFileReference; lastKnownFileType = sourcecode.swift; path = LoginViewController.swift; sourceTree = "<group>"; };
		A644EBFF26E1FF05003DC9E5 /* Base */ = {isa = PBXFileReference; lastKnownFileType = file.storyboard; name = Base; path = Base.lproj/Main.storyboard; sourceTree = "<group>"; };
		A644EC0126E1FF07003DC9E5 /* Assets.xcassets */ = {isa = PBXFileReference; lastKnownFileType = folder.assetcatalog; path = Assets.xcassets; sourceTree = "<group>"; };
		A644EC0426E1FF07003DC9E5 /* Base */ = {isa = PBXFileReference; lastKnownFileType = file.storyboard; name = Base; path = Base.lproj/LaunchScreen.storyboard; sourceTree = "<group>"; };
		A644EC0626E1FF07003DC9E5 /* Info.plist */ = {isa = PBXFileReference; lastKnownFileType = text.plist.xml; path = Info.plist; sourceTree = "<group>"; };
		A6AD72BC26E237F600F53144 /* NewsTableViewCell.swift */ = {isa = PBXFileReference; lastKnownFileType = sourcecode.swift; path = NewsTableViewCell.swift; sourceTree = "<group>"; };
		A6AD72BE26E2380B00F53144 /* NewsTableViewController.swift */ = {isa = PBXFileReference; lastKnownFileType = sourcecode.swift; path = NewsTableViewController.swift; sourceTree = "<group>"; };
/* End PBXFileReference section */

/* Begin PBXFrameworksBuildPhase section */
		A644EBF226E1FF05003DC9E5 /* Frameworks */ = {
			isa = PBXFrameworksBuildPhase;
			buildActionMask = 2147483647;
			files = (
				A633D1ED26E38B2E009211F8 /* LocalAuthentication.framework in Frameworks */,
			);
			runOnlyForDeploymentPostprocessing = 0;
		};
/* End PBXFrameworksBuildPhase section */

/* Begin PBXGroup section */
		A633D1EB26E38B2E009211F8 /* Frameworks */ = {
			isa = PBXGroup;
			children = (
				A633D1EC26E38B2E009211F8 /* LocalAuthentication.framework */,
			);
			name = Frameworks;
			sourceTree = "<group>";
		};
		A644EBEC26E1FF05003DC9E5 = {
			isa = PBXGroup;
			children = (
				A644EBF726E1FF05003DC9E5 /* BlurredNews */,
				A644EBF626E1FF05003DC9E5 /* Products */,
				A633D1EB26E38B2E009211F8 /* Frameworks */,
			);
			sourceTree = "<group>";
		};
		A644EBF626E1FF05003DC9E5 /* Products */ = {
			isa = PBXGroup;
			children = (
				A644EBF526E1FF05003DC9E5 /* BlurredNews.app */,
			);
			name = Products;
			sourceTree = "<group>";
		};
		A644EBF726E1FF05003DC9E5 /* BlurredNews */ = {
			isa = PBXGroup;
			children = (
				A6AD72BB26E2379E00F53144 /* Custom Cell */,
				A6AD72BA26E2379200F53144 /* Supporting Files */,
				A6AD72B926E2378D00F53144 /* Controllers */,
				A6AD72B826E2378700F53144 /* Views */,
				A644EC0626E1FF07003DC9E5 /* Info.plist */,
			);
			path = BlurredNews;
			sourceTree = "<group>";
		};
		A6AD72B826E2378700F53144 /* Views */ = {
			isa = PBXGroup;
			children = (
				A644EBFE26E1FF05003DC9E5 /* Main.storyboard */,
				A644EC0326E1FF07003DC9E5 /* LaunchScreen.storyboard */,
			);
			path = Views;
			sourceTree = "<group>";
		};
		A6AD72B926E2378D00F53144 /* Controllers */ = {
			isa = PBXGroup;
			children = (
				A644EBFC26E1FF05003DC9E5 /* LoginViewController.swift */,
				A6AD72BE26E2380B00F53144 /* NewsTableViewController.swift */,
			);
			path = Controllers;
			sourceTree = "<group>";
		};
		A6AD72BA26E2379200F53144 /* Supporting Files */ = {
			isa = PBXGroup;
			children = (
				A644EC0126E1FF07003DC9E5 /* Assets.xcassets */,
				A644EBFA26E1FF05003DC9E5 /* SceneDelegate.swift */,
				A644EBF826E1FF05003DC9E5 /* AppDelegate.swift */,
			);
			path = "Supporting Files";
			sourceTree = "<group>";
		};
		A6AD72BB26E2379E00F53144 /* Custom Cell */ = {
			isa = PBXGroup;
			children = (
				A6AD72BC26E237F600F53144 /* NewsTableViewCell.swift */,
			);
			path = "Custom Cell";
			sourceTree = "<group>";
		};
/* End PBXGroup section */

/* Begin PBXNativeTarget section */
		A644EBF426E1FF05003DC9E5 /* BlurredNews */ = {
			isa = PBXNativeTarget;
			buildConfigurationList = A644EC0926E1FF07003DC9E5 /* Build configuration list for PBXNativeTarget "BlurredNews" */;
			buildPhases = (
				A644EBF126E1FF05003DC9E5 /* Sources */,
				A644EBF226E1FF05003DC9E5 /* Frameworks */,
				A644EBF326E1FF05003DC9E5 /* Resources */,
			);
			buildRules = (
			);
			dependencies = (
			);
			name = BlurredNews;
			productName = BlurredNews;
			productReference = A644EBF526E1FF05003DC9E5 /* BlurredNews.app */;
			productType = "com.apple.product-type.application";
		};
/* End PBXNativeTarget section */

/* Begin PBXProject section */
		A644EBED26E1FF05003DC9E5 /* Project object */ = {
			isa = PBXProject;
			attributes = {
				LastSwiftUpdateCheck = 1250;
				LastUpgradeCheck = 1250;
				TargetAttributes = {
					A644EBF426E1FF05003DC9E5 = {
						CreatedOnToolsVersion = 12.5.1;
					};
				};
			};
			buildConfigurationList = A644EBF026E1FF05003DC9E5 /* Build configuration list for PBXProject "BlurredNews" */;
			compatibilityVersion = "Xcode 9.3";
			developmentRegion = en;
			hasScannedForEncodings = 0;
			knownRegions = (
				en,
				Base,
			);
			mainGroup = A644EBEC26E1FF05003DC9E5;
			productRefGroup = A644EBF626E1FF05003DC9E5 /* Products */;
			projectDirPath = "";
			projectRoot = "";
			targets = (
				A644EBF426E1FF05003DC9E5 /* BlurredNews */,
			);
		};
/* End PBXProject section */

/* Begin PBXResourcesBuildPhase section */
		A644EBF326E1FF05003DC9E5 /* Resources */ = {
			isa = PBXResourcesBuildPhase;
			buildActionMask = 2147483647;
			files = (
				A644EC0526E1FF07003DC9E5 /* LaunchScreen.storyboard in Resources */,
				A644EC0226E1FF07003DC9E5 /* Assets.xcassets in Resources */,
				A644EC0026E1FF05003DC9E5 /* Main.storyboard in Resources */,
			);
			runOnlyForDeploymentPostprocessing = 0;
		};
/* End PBXResourcesBuildPhase section */

/* Begin PBXSourcesBuildPhase section */
		A644EBF126E1FF05003DC9E5 /* Sources */ = {
			isa = PBXSourcesBuildPhase;
			buildActionMask = 2147483647;
			files = (
				A644EBFD26E1FF05003DC9E5 /* LoginViewController.swift in Sources */,
				A644EBF926E1FF05003DC9E5 /* AppDelegate.swift in Sources */,
				A6AD72BD26E237F600F53144 /* NewsTableViewCell.swift in Sources */,
				A6AD72BF26E2380B00F53144 /* NewsTableViewController.swift in Sources */,
				A644EBFB26E1FF05003DC9E5 /* SceneDelegate.swift in Sources */,
			);
			runOnlyForDeploymentPostprocessing = 0;
		};
/* End PBXSourcesBuildPhase section */

/* Begin PBXVariantGroup section */
		A644EBFE26E1FF05003DC9E5 /* Main.storyboard */ = {
			isa = PBXVariantGroup;
			children = (
				A644EBFF26E1FF05003DC9E5 /* Base */,
			);
			name = Main.storyboard;
			sourceTree = "<group>";
		};
		A644EC0326E1FF07003DC9E5 /* LaunchScreen.storyboard */ = {
			isa = PBXVariantGroup;
			children = (
				A644EC0426E1FF07003DC9E5 /* Base */,
			);
			name = LaunchScreen.storyboard;
			sourceTree = "<group>";
		};
/* End PBXVariantGroup section */

/* Begin XCBuildConfiguration section */
		A644EC0726E1FF07003DC9E5 /* Debug */ = {
			isa = XCBuildConfiguration;
			buildSettings = {
				ALWAYS_SEARCH_USER_PATHS = NO;
				CLANG_ANALYZER_NONNULL = YES;
				CLANG_ANALYZER_NUMBER_OBJECT_CONVERSION = YES_AGGRESSIVE;
				CLANG_CXX_LANGUAGE_STANDARD = "gnu++14";
				CLANG_CXX_LIBRARY = "libc++";
				CLANG_ENABLE_MODULES = YES;
				CLANG_ENABLE_OBJC_ARC = YES;
				CLANG_ENABLE_OBJC_WEAK = YES;
				CLANG_WARN_BLOCK_CAPTURE_AUTORELEASING = YES;
				CLANG_WARN_BOOL_CONVERSION = YES;
				CLANG_WARN_COMMA = YES;
				CLANG_WARN_CONSTANT_CONVERSION = YES;
				CLANG_WARN_DEPRECATED_OBJC_IMPLEMENTATIONS = YES;
				CLANG_WARN_DIRECT_OBJC_ISA_USAGE = YES_ERROR;
				CLANG_WARN_DOCUMENTATION_COMMENTS = YES;
				CLANG_WARN_EMPTY_BODY = YES;
				CLANG_WARN_ENUM_CONVERSION = YES;
				CLANG_WARN_INFINITE_RECURSION = YES;
				CLANG_WARN_INT_CONVERSION = YES;
				CLANG_WARN_NON_LITERAL_NULL_CONVERSION = YES;
				CLANG_WARN_OBJC_IMPLICIT_RETAIN_SELF = YES;
				CLANG_WARN_OBJC_LITERAL_CONVERSION = YES;
				CLANG_WARN_OBJC_ROOT_CLASS = YES_ERROR;
				CLANG_WARN_QUOTED_INCLUDE_IN_FRAMEWORK_HEADER = YES;
				CLANG_WARN_RANGE_LOOP_ANALYSIS = YES;
				CLANG_WARN_STRICT_PROTOTYPES = YES;
				CLANG_WARN_SUSPICIOUS_MOVE = YES;
				CLANG_WARN_UNGUARDED_AVAILABILITY = YES_AGGRESSIVE;
				CLANG_WARN_UNREACHABLE_CODE = YES;
				CLANG_WARN__DUPLICATE_METHOD_MATCH = YES;
				COPY_PHASE_STRIP = NO;
				DEBUG_INFORMATION_FORMAT = dwarf;
				ENABLE_STRICT_OBJC_MSGSEND = YES;
				ENABLE_TESTABILITY = YES;
				GCC_C_LANGUAGE_STANDARD = gnu11;
				GCC_DYNAMIC_NO_PIC = NO;
				GCC_NO_COMMON_BLOCKS = YES;
				GCC_OPTIMIZATION_LEVEL = 0;
				GCC_PREPROCESSOR_DEFINITIONS = (
					"DEBUG=1",
					"$(inherited)",
				);
				GCC_WARN_64_TO_32_BIT_CONVERSION = YES;
				GCC_WARN_ABOUT_RETURN_TYPE = YES_ERROR;
				GCC_WARN_UNDECLARED_SELECTOR = YES;
				GCC_WARN_UNINITIALIZED_AUTOS = YES_AGGRESSIVE;
				GCC_WARN_UNUSED_FUNCTION = YES;
				GCC_WARN_UNUSED_VARIABLE = YES;
				IPHONEOS_DEPLOYMENT_TARGET = 14.5;
				MTL_ENABLE_DEBUG_INFO = INCLUDE_SOURCE;
				MTL_FAST_MATH = YES;
				ONLY_ACTIVE_ARCH = YES;
				SDKROOT = iphoneos;
				SWIFT_ACTIVE_COMPILATION_CONDITIONS = DEBUG;
				SWIFT_OPTIMIZATION_LEVEL = "-Onone";
			};
			name = Debug;
		};
		A644EC0826E1FF07003DC9E5 /* Release */ = {
			isa = XCBuildConfiguration;
			buildSettings = {
				ALWAYS_SEARCH_USER_PATHS = NO;
				CLANG_ANALYZER_NONNULL = YES;
				CLANG_ANALYZER_NUMBER_OBJECT_CONVERSION = YES_AGGRESSIVE;
				CLANG_CXX_LANGUAGE_STANDARD = "gnu++14";
				CLANG_CXX_LIBRARY = "libc++";
				CLANG_ENABLE_MODULES = YES;
				CLANG_ENABLE_OBJC_ARC = YES;
				CLANG_ENABLE_OBJC_WEAK = YES;
				CLANG_WARN_BLOCK_CAPTURE_AUTORELEASING = YES;
				CLANG_WARN_BOOL_CONVERSION = YES;
				CLANG_WARN_COMMA = YES;
				CLANG_WARN_CONSTANT_CONVERSION = YES;
				CLANG_WARN_DEPRECATED_OBJC_IMPLEMENTATIONS = YES;
				CLANG_WARN_DIRECT_OBJC_ISA_USAGE = YES_ERROR;
				CLANG_WARN_DOCUMENTATION_COMMENTS = YES;
				CLANG_WARN_EMPTY_BODY = YES;
				CLANG_WARN_ENUM_CONVERSION = YES;
				CLANG_WARN_INFINITE_RECURSION = YES;
				CLANG_WARN_INT_CONVERSION = YES;
				CLANG_WARN_NON_LITERAL_NULL_CONVERSION = YES;
				CLANG_WARN_OBJC_IMPLICIT_RETAIN_SELF = YES;
				CLANG_WARN_OBJC_LITERAL_CONVERSION = YES;
				CLANG_WARN_OBJC_ROOT_CLASS = YES_ERROR;
				CLANG_WARN_QUOTED_INCLUDE_IN_FRAMEWORK_HEADER = YES;
				CLANG_WARN_RANGE_LOOP_ANALYSIS = YES;
				CLANG_WARN_STRICT_PROTOTYPES = YES;
				CLANG_WARN_SUSPICIOUS_MOVE = YES;
				CLANG_WARN_UNGUARDED_AVAILABILITY = YES_AGGRESSIVE;
				CLANG_WARN_UNREACHABLE_CODE = YES;
				CLANG_WARN__DUPLICATE_METHOD_MATCH = YES;
				COPY_PHASE_STRIP = NO;
				DEBUG_INFORMATION_FORMAT = "dwarf-with-dsym";
				ENABLE_NS_ASSERTIONS = NO;
				ENABLE_STRICT_OBJC_MSGSEND = YES;
				GCC_C_LANGUAGE_STANDARD = gnu11;
				GCC_NO_COMMON_BLOCKS = YES;
				GCC_WARN_64_TO_32_BIT_CONVERSION = YES;
				GCC_WARN_ABOUT_RETURN_TYPE = YES_ERROR;
				GCC_WARN_UNDECLARED_SELECTOR = YES;
				GCC_WARN_UNINITIALIZED_AUTOS = YES_AGGRESSIVE;
				GCC_WARN_UNUSED_FUNCTION = YES;
				GCC_WARN_UNUSED_VARIABLE = YES;
				IPHONEOS_DEPLOYMENT_TARGET = 14.5;
				MTL_ENABLE_DEBUG_INFO = NO;
				MTL_FAST_MATH = YES;
				SDKROOT = iphoneos;
				SWIFT_COMPILATION_MODE = wholemodule;
				SWIFT_OPTIMIZATION_LEVEL = "-O";
				VALIDATE_PRODUCT = YES;
			};
			name = Release;
		};
		A644EC0A26E1FF07003DC9E5 /* Debug */ = {
			isa = XCBuildConfiguration;
			buildSettings = {
				ASSETCATALOG_COMPILER_APPICON_NAME = AppIcon;
				ASSETCATALOG_COMPILER_GLOBAL_ACCENT_COLOR_NAME = AccentColor;
				CODE_SIGN_STYLE = Automatic;
				DEVELOPMENT_TEAM = ZJD5A2P8BC;
				INFOPLIST_FILE = BlurredNews/Info.plist;
				LD_RUNPATH_SEARCH_PATHS = (
					"$(inherited)",
					"@executable_path/Frameworks",
				);
				PRODUCT_BUNDLE_IDENTIFIER = com.adnannmuratovic.BlurredNews;
				PRODUCT_NAME = "$(TARGET_NAME)";
				SWIFT_VERSION = 5.0;
				TARGETED_DEVICE_FAMILY = "1,2";
			};
			name = Debug;
		};
		A644EC0B26E1FF07003DC9E5 /* Release */ = {
			isa = XCBuildConfiguration;
			buildSettings = {
				ASSETCATALOG_COMPILER_APPICON_NAME = AppIcon;
				ASSETCATALOG_COMPILER_GLOBAL_ACCENT_COLOR_NAME = AccentColor;
				CODE_SIGN_STYLE = Automatic;
				DEVELOPMENT_TEAM = ZJD5A2P8BC;
				INFOPLIST_FILE = BlurredNews/Info.plist;
				LD_RUNPATH_SEARCH_PATHS = (
					"$(inherited)",
					"@executable_path/Frameworks",
				);
				PRODUCT_BUNDLE_IDENTIFIER = com.adnannmuratovic.BlurredNews;
				PRODUCT_NAME = "$(TARGET_NAME)";
				SWIFT_VERSION = 5.0;
				TARGETED_DEVICE_FAMILY = "1,2";
			};
			name = Release;
		};
/* End XCBuildConfiguration section */

/* Begin XCConfigurationList section */
		A644EBF026E1FF05003DC9E5 /* Build configuration list for PBXProject "BlurredNews" */ = {
			isa = XCConfigurationList;
			buildConfigurations = (
				A644EC0726E1FF07003DC9E5 /* Debug */,
				A644EC0826E1FF07003DC9E5 /* Release */,
			);
			defaultConfigurationIsVisible = 0;
			defaultConfigurationName = Release;
		};
		A644EC0926E1FF07003DC9E5 /* Build configuration list for PBXNativeTarget "BlurredNews" */ = {
			isa = XCConfigurationList;
			buildConfigurations = (
				A644EC0A26E1FF07003DC9E5 /* Debug */,
				A644EC0B26E1FF07003DC9E5 /* Release */,
			);
			defaultConfigurationIsVisible = 0;
			defaultConfigurationName = Release;
		};
/* End XCConfigurationList section */
	};
	rootObject = A644EBED26E1FF05003DC9E5 /* Project object */;
}
